
Microsoft Visual Studio Solution File, Format Version 12.00
# Visual Studio Version 16
VisualStudioVersion = 16.0.29306.81
MinimumVisualStudioVersion = 10.0.40219.1
Project("{FAE04EC0-301F-11D3-BF4B-00C04F79EFBC}") = "Comparador", "Comparador.csproj", "{97502D92-C5D8-4FBD-9BCA-B58765AEFF9B}"
EndProject
Global
	GlobalSection(SolutionConfigurationPlatforms) = preSolution
		Debug|Any CPU = Debug|Any CPU
		Release|Any CPU = Release|Any CPU
	EndGlobalSection
	GlobalSection(ProjectConfigurationPlatforms) = postSolution
		{97502D92-C5D8-4FBD-9BCA-B58765AEFF9B}.Debug|Any CPU.ActiveCfg = Debug|Any CPU
		{97502D92-C5D8-4FBD-9BCA-B58765AEFF9B}.Debug|Any CPU.Build.0 = Debug|Any CPU
		{97502D92-C5D8-4FBD-9BCA-B58765AEFF9B}.Release|Any CPU.ActiveCfg = Release|Any CPU
		{97502D92-C5D8-4FBD-9BCA-B58765AEFF9B}.Release|Any CPU.Build.0 = Release|Any CPU
	EndGlobalSection
	GlobalSection(SolutionProperties) = preSolution
		HideSolutionNode = FALSE
	EndGlobalSection
	GlobalSection(ExtensibilityGlobals) = postSolution
		SolutionGuid = {913E3154-8090-4AF2-8025-FBF4BA819B4D}
	EndGlobalSection
EndGlobal
